
Microsoft Visual Studio Solution File, Format Version 12.00
# Visual Studio Version 17
VisualStudioVersion = 17.13.35825.156 d17.13
MinimumVisualStudioVersion = 10.0.40219.1
Project("{FAE04EC0-301F-11D3-BF4B-00C04F79EFBC}") = "Punaflow", "Punaflow.csproj", "{0852B639-E42B-4718-ABE2-D5D893554F05}"
EndProject
Global
	GlobalSection(SolutionConfigurationPlatforms) = preSolution
		Debug|Any CPU = Debug|Any CPU
		Release|Any CPU = Release|Any CPU
	EndGlobalSection
	GlobalSection(ProjectConfigurationPlatforms) = postSolution
		{0852B639-E42B-4718-ABE2-D5D893554F05}.Debug|Any CPU.ActiveCfg = Debug|Any CPU
		{0852B639-E42B-4718-ABE2-D5D893554F05}.Debug|Any CPU.Build.0 = Debug|Any CPU
		{0852B639-E42B-4718-ABE2-D5D893554F05}.Release|Any CPU.ActiveCfg = Release|Any CPU
		{0852B639-E42B-4718-ABE2-D5D893554F05}.Release|Any CPU.Build.0 = Release|Any CPU
	EndGlobalSection
	GlobalSection(SolutionProperties) = preSolution
		HideSolutionNode = FALSE
	EndGlobalSection
	GlobalSection(ExtensibilityGlobals) = postSolution
		SolutionGuid = {A61176BE-77E7-4023-B483-FFD2417AFBE4}
	EndGlobalSection
EndGlobal
